
Microsoft Visual Studio Solution File, Format Version 12.00
# Visual Studio Version 17
VisualStudioVersion = 17.14.36203.30 d17.14
MinimumVisualStudioVersion = 10.0.40219.1
Project("{FAE04EC0-301F-11D3-BF4B-00C04F79EFBC}") = "RemoteMcpMsGraph", "RemoteMcpMsGraph.csproj", "{9D018824-9111-0F2C-5E0F-83D07826DAAB}"
EndProject
Global
	GlobalSection(SolutionConfigurationPlatforms) = preSolution
		Debug|Any CPU = Debug|Any CPU
		Release|Any CPU = Release|Any CPU
	EndGlobalSection
	GlobalSection(ProjectConfigurationPlatforms) = postSolution
		{9D018824-9111-0F2C-5E0F-83D07826DAAB}.Debug|Any CPU.ActiveCfg = Debug|Any CPU
		{9D018824-9111-0F2C-5E0F-83D07826DAAB}.Debug|Any CPU.Build.0 = Debug|Any CPU
		{9D018824-9111-0F2C-5E0F-83D07826DAAB}.Release|Any CPU.ActiveCfg = Release|Any CPU
		{9D018824-9111-0F2C-5E0F-83D07826DAAB}.Release|Any CPU.Build.0 = Release|Any CPU
	EndGlobalSection
	GlobalSection(SolutionProperties) = preSolution
		HideSolutionNode = FALSE
	EndGlobalSection
	GlobalSection(ExtensibilityGlobals) = postSolution
		SolutionGuid = {BAB48444-1893-4D0A-B194-D90C6F059FC7}
	EndGlobalSection
EndGlobal
